
Microsoft Visual Studio Solution File, Format Version 12.00
Project("{FAE04EC0-301F-11D3-BF4B-00C04F79EFBC}") = "FinTrack.Wasm", "FinTrack.Wasm\FinTrack.Wasm.csproj", "{88235C21-883C-46B8-AD40-C453979C78D1}"
EndProject
Global
	GlobalSection(SolutionConfigurationPlatforms) = preSolution
		Debug|Any CPU = Debug|Any CPU
		Release|Any CPU = Release|Any CPU
	EndGlobalSection
	GlobalSection(ProjectConfigurationPlatforms) = postSolution
		{88235C21-883C-46B8-AD40-C453979C78D1}.Debug|Any CPU.ActiveCfg = Debug|Any CPU
		{88235C21-883C-46B8-AD40-C453979C78D1}.Debug|Any CPU.Build.0 = Debug|Any CPU
		{88235C21-883C-46B8-AD40-C453979C78D1}.Release|Any CPU.ActiveCfg = Release|Any CPU
		{88235C21-883C-46B8-AD40-C453979C78D1}.Release|Any CPU.Build.0 = Release|Any CPU
	EndGlobalSection
EndGlobal
